
Microsoft Visual Studio Solution File, Format Version 12.00
# Visual Studio Version 17
VisualStudioVersion = 17.1.32228.430
MinimumVisualStudioVersion = 10.0.40219.1
Project("{9A19103F-16F7-4668-BE54-9A1E7A4F7556}") = "Wordle.api", "Wordle.api\Wordle.api.csproj", "{71A4246B-81E4-4D02-9383-082E150722BE}"
EndProject
Global
	GlobalSection(SolutionConfigurationPlatforms) = preSolution
		Debug|Any CPU = Debug|Any CPU
		Release|Any CPU = Release|Any CPU
	EndGlobalSection
	GlobalSection(ProjectConfigurationPlatforms) = postSolution
		{71A4246B-81E4-4D02-9383-082E150722BE}.Debug|Any CPU.ActiveCfg = Debug|Any CPU
		{71A4246B-81E4-4D02-9383-082E150722BE}.Debug|Any CPU.Build.0 = Debug|Any CPU
		{71A4246B-81E4-4D02-9383-082E150722BE}.Release|Any CPU.ActiveCfg = Release|Any CPU
		{71A4246B-81E4-4D02-9383-082E150722BE}.Release|Any CPU.Build.0 = Release|Any CPU
	EndGlobalSection
	GlobalSection(SolutionProperties) = preSolution
		HideSolutionNode = FALSE
	EndGlobalSection
	GlobalSection(ExtensibilityGlobals) = postSolution
		SolutionGuid = {62AFF3B4-EF17-4859-9A83-A20125D5EC35}
	EndGlobalSection
EndGlobal
